// !$*UTF8*$!
{
	archiveVersion = 1;
	classes = {
	};
	objectVersion = 46;
	objects = {

/* Begin PBXBuildFile section */
		8B519AB31C12694300098AD4 /* AppDelegate.swift in Sources */ = {isa = PBXBuildFile; fileRef = 8B519AB21C12694300098AD4 /* AppDelegate.swift */; };
		8B519AB51C12694300098AD4 /* ViewController.swift in Sources */ = {isa = PBXBuildFile; fileRef = 8B519AB41C12694300098AD4 /* ViewController.swift */; };
		8B519AB81C12694300098AD4 /* Main.storyboard in Resources */ = {isa = PBXBuildFile; fileRef = 8B519AB61C12694300098AD4 /* Main.storyboard */; };
		8B519ABA1C12694300098AD4 /* Assets.xcassets in Resources */ = {isa = PBXBuildFile; fileRef = 8B519AB91C12694300098AD4 /* Assets.xcassets */; };
		8B519ABD1C12694300098AD4 /* LaunchScreen.storyboard in Resources */ = {isa = PBXBuildFile; fileRef = 8B519ABB1C12694300098AD4 /* LaunchScreen.storyboard */; };
/* End PBXBuildFile section */

/* Begin PBXFileReference section */
		8B519AAF1C12694300098AD4 /* Safadeza.app */ = {isa = PBXFileReference; explicitFileType = wrapper.application; includeInIndex = 0; path = Safadeza.app; sourceTree = BUILT_PRODUCTS_DIR; };
		8B519AB21C12694300098AD4 /* AppDelegate.swift */ = {isa = PBXFileReference; lastKnownFileType = sourcecode.swift; path = AppDelegate.swift; sourceTree = "<group>"; };
		8B519AB41C12694300098AD4 /* ViewController.swift */ = {isa = PBXFileReference; lastKnownFileType = sourcecode.swift; path = ViewController.swift; sourceTree = "<group>"; };
		8B519AB71C12694300098AD4 /* Base */ = {isa = PBXFileReference; lastKnownFileType = file.storyboard; name = Base; path = Base.lproj/Main.storyboard; sourceTree = "<group>"; };
		8B519AB91C12694300098AD4 /* Assets.xcassets */ = {isa = PBXFileReference; lastKnownFileType = folder.assetcatalog; path = Assets.xcassets; sourceTree = "<group>"; };
		8B519ABC1C12694300098AD4 /* Base */ = {isa = PBXFileReference; lastKnownFileType = file.storyboard; name = Base; path = Base.lproj/LaunchScreen.storyboard; sourceTree = "<group>"; };
		8B519ABE1C12694300098AD4 /* Info.plist */ = {isa = PBXFileReference; lastKnownFileType = text.plist.xml; path = Info.plist; sourceTree = "<group>"; };
/* End PBXFileReference section */

/* Begin PBXFrameworksBuildPhase section */
		8B519AAC1C12694300098AD4 /* Frameworks */ = {
			isa = PBXFrameworksBuildPhase;
			buildActionMask = 2147483647;
			files = (
			);
			runOnlyForDeploymentPostprocessing = 0;
		};
/* End PBXFrameworksBuildPhase section */

/* Begin PBXGroup section */
		8B519AA61C12694300098AD4 = {
			isa = PBXGroup;
			children = (
				8B519AB11C12694300098AD4 /* Safadeza */,
				8B519AB01C12694300098AD4 /* Products */,
			);
			sourceTree = "<group>";
		};
		8B519AB01C12694300098AD4 /* Products */ = {
			isa = PBXGroup;
			children = (
				8B519AAF1C12694300098AD4 /* Safadeza.app */,
			);
			name = Products;
			sourceTree = "<group>";
		};
		8B519AB11C12694300098AD4 /* Safadeza */ = {
			isa = PBXGroup;
			children = (
				8B519AB21C12694300098AD4 /* AppDelegate.swift */,
				8B519AB41C12694300098AD4 /* ViewController.swift */,
				8B519AB61C12694300098AD4 /* Main.storyboard */,
				8B519AB91C12694300098AD4 /* Assets.xcassets */,
				8B519ABB1C12694300098AD4 /* LaunchScreen.storyboard */,
				8B519ABE1C12694300098AD4 /* Info.plist */,
			);
			path = Safadeza;
			sourceTree = "<group>";
		};
/* End PBXGroup section */

/* Begin PBXNativeTarget section */
		8B519AAE1C12694300098AD4 /* Safadeza */ = {
			isa = PBXNativeTarget;
			buildConfigurationList = 8B519AC11C12694300098AD4 /* Build configuration list for PBXNativeTarget "Safadeza" */;
			buildPhases = (
				8B519AAB1C12694300098AD4 /* Sources */,
				8B519AAC1C12694300098AD4 /* Frameworks */,
				8B519AAD1C12694300098AD4 /* Resources */,
			);
			buildRules = (
			);
			dependencies = (
			);
			name = Safadeza;
			productName = Safadeza;
			productReference = 8B519AAF1C12694300098AD4 /* Safadeza.app */;
			productType = "com.apple.product-type.application";
		};
/* End PBXNativeTarget section */

/* Begin PBXProject section */
		8B519AA71C12694300098AD4 /* Project object */ = {
			isa = PBXProject;
			attributes = {
				LastSwiftUpdateCheck = 0710;
				LastUpgradeCheck = 0710;
				ORGANIZATIONNAME = Ezequiel;
				TargetAttributes = {
					8B519AAE1C12694300098AD4 = {
						CreatedOnToolsVersion = 7.1;
					};
				};
			};
			buildConfigurationList = 8B519AAA1C12694300098AD4 /* Build configuration list for PBXProject "Safadeza" */;
			compatibilityVersion = "Xcode 3.2";
			developmentRegion = English;
			hasScannedForEncodings = 0;
			knownRegions = (
				en,
				Base,
			);
			mainGroup = 8B519AA61C12694300098AD4;
			productRefGroup = 8B519AB01C12694300098AD4 /* Products */;
			projectDirPath = "";
			projectRoot = "";
			targets = (
				8B519AAE1C12694300098AD4 /* Safadeza */,
			);
		};
/* End PBXProject section */

/* Begin PBXResourcesBuildPhase section */
		8B519AAD1C12694300098AD4 /* Resources */ = {
			isa = PBXResourcesBuildPhase;
			buildActionMask = 2147483647;
			files = (
				8B519ABD1C12694300098AD4 /* LaunchScreen.storyboard in Resources */,
				8B519ABA1C12694300098AD4 /* Assets.xcassets in Resources */,
				8B519AB81C12694300098AD4 /* Main.storyboard in Resources */,
			);
			runOnlyForDeploymentPostprocessing = 0;
		};
/* End PBXResourcesBuildPhase section */

/* Begin PBXSourcesBuildPhase section */
		8B519AAB1C12694300098AD4 /* Sources */ = {
			isa = PBXSourcesBuildPhase;
			buildActionMask = 2147483647;
			files = (
				8B519AB51C12694300098AD4 /* ViewController.swift in Sources */,
				8B519AB31C12694300098AD4 /* AppDelegate.swift in Sources */,
			);
			runOnlyForDeploymentPostprocessing = 0;
		};
/* End PBXSourcesBuildPhase section */

/* Begin PBXVariantGroup section */
		8B519AB61C12694300098AD4 /* Main.storyboard */ = {
			isa = PBXVariantGroup;
			children = (
				8B519AB71C12694300098AD4 /* Base */,
			);
			name = Main.storyboard;
			sourceTree = "<group>";
		};
		8B519ABB1C12694300098AD4 /* LaunchScreen.storyboard */ = {
			isa = PBXVariantGroup;
			children = (
				8B519ABC1C12694300098AD4 /* Base */,
			);
			name = LaunchScreen.storyboard;
			sourceTree = "<group>";
		};
/* End PBXVariantGroup section */

/* Begin XCBuildConfiguration section */
		8B519ABF1C12694300098AD4 /* Debug */ = {
			isa = XCBuildConfiguration;
			buildSettings = {
				ALWAYS_SEARCH_USER_PATHS = NO;
				CLANG_CXX_LANGUAGE_STANDARD = "gnu++0x";
				CLANG_CXX_LIBRARY = "libc++";
				CLANG_ENABLE_MODULES = YES;
				CLANG_ENABLE_OBJC_ARC = YES;
				CLANG_WARN_BOOL_CONVERSION = YES;
				CLANG_WARN_CONSTANT_CONVERSION = YES;
				CLANG_WARN_DIRECT_OBJC_ISA_USAGE = YES_ERROR;
				CLANG_WARN_EMPTY_BODY = YES;
				CLANG_WARN_ENUM_CONVERSION = YES;
				CLANG_WARN_INT_CONVERSION = YES;
				CLANG_WARN_OBJC_ROOT_CLASS = YES_ERROR;
				CLANG_WARN_UNREACHABLE_CODE = YES;
				CLANG_WARN__DUPLICATE_METHOD_MATCH = YES;
				"CODE_SIGN_IDENTITY[sdk=iphoneos*]" = "iPhone Developer";
				COPY_PHASE_STRIP = NO;
				DEBUG_INFORMATION_FORMAT = dwarf;
				ENABLE_STRICT_OBJC_MSGSEND = YES;
				ENABLE_TESTABILITY = YES;
				GCC_C_LANGUAGE_STANDARD = gnu99;
				GCC_DYNAMIC_NO_PIC = NO;
				GCC_NO_COMMON_BLOCKS = YES;
				GCC_OPTIMIZATION_LEVEL = 0;
				GCC_PREPROCESSOR_DEFINITIONS = (
					"DEBUG=1",
					"$(inherited)",
				);
				GCC_WARN_64_TO_32_BIT_CONVERSION = YES;
				GCC_WARN_ABOUT_RETURN_TYPE = YES_ERROR;
				GCC_WARN_UNDECLARED_SELECTOR = YES;
				GCC_WARN_UNINITIALIZED_AUTOS = YES_AGGRESSIVE;
				GCC_WARN_UNUSED_FUNCTION = YES;
				GCC_WARN_UNUSED_VARIABLE = YES;
				IPHONEOS_DEPLOYMENT_TARGET = 9.1;
				MTL_ENABLE_DEBUG_INFO = YES;
				ONLY_ACTIVE_ARCH = YES;
				SDKROOT = iphoneos;
				SWIFT_OPTIMIZATION_LEVEL = "-Onone";
			};
			name = Debug;
		};
		8B519AC01C12694300098AD4 /* Release */ = {
			isa = XCBuildConfiguration;
			buildSettings = {
				ALWAYS_SEARCH_USER_PATHS = NO;
				CLANG_CXX_LANGUAGE_STANDARD = "gnu++0x";
				CLANG_CXX_LIBRARY = "libc++";
				CLANG_ENABLE_MODULES = YES;
				CLANG_ENABLE_OBJC_ARC = YES;
				CLANG_WARN_BOOL_CONVERSION = YES;
				CLANG_WARN_CONSTANT_CONVERSION = YES;
				CLANG_WARN_DIRECT_OBJC_ISA_USAGE = YES_ERROR;
				CLANG_WARN_EMPTY_BODY = YES;
				CLANG_WARN_ENUM_CONVERSION = YES;
				CLANG_WARN_INT_CONVERSION = YES;
				CLANG_WARN_OBJC_ROOT_CLASS = YES_ERROR;
				CLANG_WARN_UNREACHABLE_CODE = YES;
				CLANG_WARN__DUPLICATE_METHOD_MATCH = YES;
				"CODE_SIGN_IDENTITY[sdk=iphoneos*]" = "iPhone Developer";
				COPY_PHASE_STRIP = NO;
				DEBUG_INFORMATION_FORMAT = "dwarf-with-dsym";
				ENABLE_NS_ASSERTIONS = NO;
				ENABLE_STRICT_OBJC_MSGSEND = YES;
				GCC_C_LANGUAGE_STANDARD = gnu99;
				GCC_NO_COMMON_BLOCKS = YES;
				GCC_WARN_64_TO_32_BIT_CONVERSION = YES;
				GCC_WARN_ABOUT_RETURN_TYPE = YES_ERROR;
				GCC_WARN_UNDECLARED_SELECTOR = YES;
				GCC_WARN_UNINITIALIZED_AUTOS = YES_AGGRESSIVE;
				GCC_WARN_UNUSED_FUNCTION = YES;
				GCC_WARN_UNUSED_VARIABLE = YES;
				IPHONEOS_DEPLOYMENT_TARGET = 9.1;
				MTL_ENABLE_DEBUG_INFO = NO;
				SDKROOT = iphoneos;
				VALIDATE_PRODUCT = YES;
			};
			name = Release;
		};
		8B519AC21C12694300098AD4 /* Debug */ = {
			isa = XCBuildConfiguration;
			buildSettings = {
				ASSETCATALOG_COMPILER_APPICON_NAME = AppIcon;
				INFOPLIST_FILE = Safadeza/Info.plist;
				LD_RUNPATH_SEARCH_PATHS = "$(inherited) @executable_path/Frameworks";
				PRODUCT_BUNDLE_IDENTIFIER = ezefranca.com.Safadeza;
				PRODUCT_NAME = "$(TARGET_NAME)";
			};
			name = Debug;
		};
		8B519AC31C12694300098AD4 /* Release */ = {
			isa = XCBuildConfiguration;
			buildSettings = {
				ASSETCATALOG_COMPILER_APPICON_NAME = AppIcon;
				INFOPLIST_FILE = Safadeza/Info.plist;
				LD_RUNPATH_SEARCH_PATHS = "$(inherited) @executable_path/Frameworks";
				PRODUCT_BUNDLE_IDENTIFIER = ezefranca.com.Safadeza;
				PRODUCT_NAME = "$(TARGET_NAME)";
			};
			name = Release;
		};
/* End XCBuildConfiguration section */

/* Begin XCConfigurationList section */
		8B519AAA1C12694300098AD4 /* Build configuration list for PBXProject "Safadeza" */ = {
			isa = XCConfigurationList;
			buildConfigurations = (
				8B519ABF1C12694300098AD4 /* Debug */,
				8B519AC01C12694300098AD4 /* Release */,
			);
			defaultConfigurationIsVisible = 0;
			defaultConfigurationName = Release;
		};
		8B519AC11C12694300098AD4 /* Build configuration list for PBXNativeTarget "Safadeza" */ = {
			isa = XCConfigurationList;
			buildConfigurations = (
				8B519AC21C12694300098AD4 /* Debug */,
				8B519AC31C12694300098AD4 /* Release */,
			);
			defaultConfigurationIsVisible = 0;
		};
/* End XCConfigurationList section */
	};
	rootObject = 8B519AA71C12694300098AD4 /* Project object */;
}
